<Solution>
  <Project Path="Assembly-CSharp-firstpass.csproj" />
  <Project Path="Assembly-CSharp-Editor-firstpass.csproj" />
  <Project Path="Assembly-CSharp.csproj" />
  <Project Path="JeffGrawAssets.FlexibleUI.Editor.csproj" />
  <Project Path="JeffGrawAssets.FlexibleUI.Runtime.csproj" />
  <Project Path="Assembly-CSharp-Editor.csproj" />
  <Project Path="CrystalSave.Uninstall.Editor.csproj" />
  <Project Path="Arawn.CrystalSave.DefineSymbols.Editor.csproj" />
</Solution>
